
Microsoft Visual Studio Solution File, Format Version 12.00
# Visual Studio 15
VisualStudioVersion = 15.0.26730.3
MinimumVisualStudioVersion = 10.0.40219.1
Project("{FAE04EC0-301F-11D3-BF4B-00C04F79EFBC}") = "WPFiBeam", "WPFiBeam.csproj", "{2124FB36-BC68-4C50-A2C4-E28E6367A81A}"
EndProject
Project("{FAE04EC0-301F-11D3-BF4B-00C04F79EFBC}") = "DockingLibrary", "..\..\Visual Studio 2017\DockingLibrary\DockingLibrary\DockingLibrary\DockingLibrary.csproj", "{FA274CD2-57BB-4EB0-B101-A562ADB1685E}"
EndProject
Global
	GlobalSection(SolutionConfigurationPlatforms) = preSolution
		Debug|Any CPU = Debug|Any CPU
		Release|Any CPU = Release|Any CPU
	EndGlobalSection
	GlobalSection(ProjectConfigurationPlatforms) = postSolution
		{2124FB36-BC68-4C50-A2C4-E28E6367A81A}.Debug|Any CPU.ActiveCfg = Debug|Any CPU
		{2124FB36-BC68-4C50-A2C4-E28E6367A81A}.Debug|Any CPU.Build.0 = Debug|Any CPU
		{2124FB36-BC68-4C50-A2C4-E28E6367A81A}.Release|Any CPU.ActiveCfg = Release|Any CPU
		{2124FB36-BC68-4C50-A2C4-E28E6367A81A}.Release|Any CPU.Build.0 = Release|Any CPU
		{FA274CD2-57BB-4EB0-B101-A562ADB1685E}.Debug|Any CPU.ActiveCfg = Debug|Any CPU
		{FA274CD2-57BB-4EB0-B101-A562ADB1685E}.Debug|Any CPU.Build.0 = Debug|Any CPU
		{FA274CD2-57BB-4EB0-B101-A562ADB1685E}.Release|Any CPU.ActiveCfg = Release|Any CPU
		{FA274CD2-57BB-4EB0-B101-A562ADB1685E}.Release|Any CPU.Build.0 = Release|Any CPU
	EndGlobalSection
	GlobalSection(SolutionProperties) = preSolution
		HideSolutionNode = FALSE
	EndGlobalSection
	GlobalSection(ExtensibilityGlobals) = postSolution
		SolutionGuid = {B3D5D45D-4BB2-490E-BE37-0DAB73192D86}
	EndGlobalSection
EndGlobal
